
Microsoft Visual Studio Solution File, Format Version 12.00
# Visual Studio Version 17
VisualStudioVersion = 17.6.33815.320
MinimumVisualStudioVersion = 10.0.40219.1
Project("{FAE04EC0-301F-11D3-BF4B-00C04F79EFBC}") = "ejemplo", "ejemplo\ejemplo.csproj", "{A783ECD1-76E7-4A9F-9E9C-D7FEFE806F64}"
EndProject
Global
	GlobalSection(SolutionConfigurationPlatforms) = preSolution
		Debug|Any CPU = Debug|Any CPU
		Release|Any CPU = Release|Any CPU
	EndGlobalSection
	GlobalSection(ProjectConfigurationPlatforms) = postSolution
		{A783ECD1-76E7-4A9F-9E9C-D7FEFE806F64}.Debug|Any CPU.ActiveCfg = Debug|Any CPU
		{A783ECD1-76E7-4A9F-9E9C-D7FEFE806F64}.Debug|Any CPU.Build.0 = Debug|Any CPU
		{A783ECD1-76E7-4A9F-9E9C-D7FEFE806F64}.Release|Any CPU.ActiveCfg = Release|Any CPU
		{A783ECD1-76E7-4A9F-9E9C-D7FEFE806F64}.Release|Any CPU.Build.0 = Release|Any CPU
	EndGlobalSection
	GlobalSection(SolutionProperties) = preSolution
		HideSolutionNode = FALSE
	EndGlobalSection
	GlobalSection(ExtensibilityGlobals) = postSolution
		SolutionGuid = {D246BA8B-BE27-4B84-8F0B-9DF171B934B4}
	EndGlobalSection
EndGlobal
